
Microsoft Visual Studio Solution File, Format Version 12.00
# Visual Studio Version 17
VisualStudioVersion = 17.0.32112.339
MinimumVisualStudioVersion = 10.0.40219.1
Project("{FAE04EC0-301F-11D3-BF4B-00C04F79EFBC}") = "CustomLinkedList", "CustomLinkedList\CustomLinkedList.csproj", "{368305FD-11F6-4514-A763-D6F378271E36}"
EndProject
Global
	GlobalSection(SolutionConfigurationPlatforms) = preSolution
		Debug|Any CPU = Debug|Any CPU
		Release|Any CPU = Release|Any CPU
	EndGlobalSection
	GlobalSection(ProjectConfigurationPlatforms) = postSolution
		{368305FD-11F6-4514-A763-D6F378271E36}.Debug|Any CPU.ActiveCfg = Debug|Any CPU
		{368305FD-11F6-4514-A763-D6F378271E36}.Debug|Any CPU.Build.0 = Debug|Any CPU
		{368305FD-11F6-4514-A763-D6F378271E36}.Release|Any CPU.ActiveCfg = Release|Any CPU
		{368305FD-11F6-4514-A763-D6F378271E36}.Release|Any CPU.Build.0 = Release|Any CPU
	EndGlobalSection
	GlobalSection(SolutionProperties) = preSolution
		HideSolutionNode = FALSE
	EndGlobalSection
	GlobalSection(ExtensibilityGlobals) = postSolution
		SolutionGuid = {8AD78D53-BD95-43F2-9CE0-2FB9C150B3C9}
	EndGlobalSection
EndGlobal
